
Microsoft Visual Studio Solution File, Format Version 12.00
# Visual Studio Version 17
VisualStudioVersion = 17.7.34024.191
MinimumVisualStudioVersion = 10.0.40219.1
Project("{FAE04EC0-301F-11D3-BF4B-00C04F79EFBC}") = "Lathihan_wpf", "Lathihan_wpf\Lathihan_wpf.csproj", "{99251DE8-A72C-4C40-A920-12E43CF3AB0F}"
EndProject
Global
	GlobalSection(SolutionConfigurationPlatforms) = preSolution
		Debug|Any CPU = Debug|Any CPU
		Release|Any CPU = Release|Any CPU
	EndGlobalSection
	GlobalSection(ProjectConfigurationPlatforms) = postSolution
		{99251DE8-A72C-4C40-A920-12E43CF3AB0F}.Debug|Any CPU.ActiveCfg = Debug|Any CPU
		{99251DE8-A72C-4C40-A920-12E43CF3AB0F}.Debug|Any CPU.Build.0 = Debug|Any CPU
		{99251DE8-A72C-4C40-A920-12E43CF3AB0F}.Release|Any CPU.ActiveCfg = Release|Any CPU
		{99251DE8-A72C-4C40-A920-12E43CF3AB0F}.Release|Any CPU.Build.0 = Release|Any CPU
	EndGlobalSection
	GlobalSection(SolutionProperties) = preSolution
		HideSolutionNode = FALSE
	EndGlobalSection
	GlobalSection(ExtensibilityGlobals) = postSolution
		SolutionGuid = {6D9A2ACA-65D6-4E1F-BFDE-42665BAC10EB}
	EndGlobalSection
EndGlobal
