
Microsoft Visual Studio Solution File, Format Version 12.00
# Visual Studio Version 17
VisualStudioVersion = 17.7.34024.191
MinimumVisualStudioVersion = 10.0.40219.1
Project("{FAE04EC0-301F-11D3-BF4B-00C04F79EFBC}") = "Calculator Simple", "Calculator Simple\Calculator Simple.csproj", "{C39C900F-590B-42CF-8A76-424032F04F9B}"
EndProject
Global
	GlobalSection(SolutionConfigurationPlatforms) = preSolution
		Debug|Any CPU = Debug|Any CPU
		Release|Any CPU = Release|Any CPU
	EndGlobalSection
	GlobalSection(ProjectConfigurationPlatforms) = postSolution
		{C39C900F-590B-42CF-8A76-424032F04F9B}.Debug|Any CPU.ActiveCfg = Debug|Any CPU
		{C39C900F-590B-42CF-8A76-424032F04F9B}.Debug|Any CPU.Build.0 = Debug|Any CPU
		{C39C900F-590B-42CF-8A76-424032F04F9B}.Release|Any CPU.ActiveCfg = Release|Any CPU
		{C39C900F-590B-42CF-8A76-424032F04F9B}.Release|Any CPU.Build.0 = Release|Any CPU
	EndGlobalSection
	GlobalSection(SolutionProperties) = preSolution
		HideSolutionNode = FALSE
	EndGlobalSection
	GlobalSection(ExtensibilityGlobals) = postSolution
		SolutionGuid = {00387D62-74F8-443C-B2BF-24FF278052A8}
	EndGlobalSection
EndGlobal
