
Microsoft Visual Studio Solution File, Format Version 12.00
# Visual Studio Version 17
VisualStudioVersion = 17.7.34024.191
MinimumVisualStudioVersion = 10.0.40219.1
Project("{FAE04EC0-301F-11D3-BF4B-00C04F79EFBC}") = "Video Capture", "Video Capture\Video Capture.csproj", "{E3BBAF2C-A2A1-4612-9617-05A460209C76}"
EndProject
Global
	GlobalSection(SolutionConfigurationPlatforms) = preSolution
		Debug|Any CPU = Debug|Any CPU
		Release|Any CPU = Release|Any CPU
	EndGlobalSection
	GlobalSection(ProjectConfigurationPlatforms) = postSolution
		{E3BBAF2C-A2A1-4612-9617-05A460209C76}.Debug|Any CPU.ActiveCfg = Debug|Any CPU
		{E3BBAF2C-A2A1-4612-9617-05A460209C76}.Debug|Any CPU.Build.0 = Debug|Any CPU
		{E3BBAF2C-A2A1-4612-9617-05A460209C76}.Release|Any CPU.ActiveCfg = Release|Any CPU
		{E3BBAF2C-A2A1-4612-9617-05A460209C76}.Release|Any CPU.Build.0 = Release|Any CPU
	EndGlobalSection
	GlobalSection(SolutionProperties) = preSolution
		HideSolutionNode = FALSE
	EndGlobalSection
	GlobalSection(ExtensibilityGlobals) = postSolution
		SolutionGuid = {88862403-9415-4629-B0D1-7E54BF89B3AA}
	EndGlobalSection
EndGlobal
